
Microsoft Visual Studio Solution File, Format Version 12.00
# Visual Studio Version 16
VisualStudioVersion = 16.0.30611.23
MinimumVisualStudioVersion = 10.0.40219.1
Project("{FAE04EC0-301F-11D3-BF4B-00C04F79EFBC}") = "AppGoogleMap.Android", "AppGoogleMap.Android\AppGoogleMap.Android.csproj", "{A53B2FBC-8D9A-493B-A716-A2F9485C68C5}"
EndProject
Project("{FAE04EC0-301F-11D3-BF4B-00C04F79EFBC}") = "AppGoogleMap", "AppGoogleMap\AppGoogleMap.csproj", "{13385F91-60AA-4392-AED0-1C0A27837A84}"
EndProject
Global
	GlobalSection(SolutionConfigurationPlatforms) = preSolution
		Debug|Any CPU = Debug|Any CPU
		Release|Any CPU = Release|Any CPU
	EndGlobalSection
	GlobalSection(ProjectConfigurationPlatforms) = postSolution
		{A53B2FBC-8D9A-493B-A716-A2F9485C68C5}.Debug|Any CPU.ActiveCfg = Debug|Any CPU
		{A53B2FBC-8D9A-493B-A716-A2F9485C68C5}.Debug|Any CPU.Build.0 = Debug|Any CPU
		{A53B2FBC-8D9A-493B-A716-A2F9485C68C5}.Debug|Any CPU.Deploy.0 = Debug|Any CPU
		{A53B2FBC-8D9A-493B-A716-A2F9485C68C5}.Release|Any CPU.ActiveCfg = Release|Any CPU
		{A53B2FBC-8D9A-493B-A716-A2F9485C68C5}.Release|Any CPU.Build.0 = Release|Any CPU
		{A53B2FBC-8D9A-493B-A716-A2F9485C68C5}.Release|Any CPU.Deploy.0 = Release|Any CPU
		{13385F91-60AA-4392-AED0-1C0A27837A84}.Debug|Any CPU.ActiveCfg = Debug|Any CPU
		{13385F91-60AA-4392-AED0-1C0A27837A84}.Debug|Any CPU.Build.0 = Debug|Any CPU
		{13385F91-60AA-4392-AED0-1C0A27837A84}.Debug|Any CPU.Deploy.0 = Debug|Any CPU
		{13385F91-60AA-4392-AED0-1C0A27837A84}.Release|Any CPU.ActiveCfg = Release|Any CPU
		{13385F91-60AA-4392-AED0-1C0A27837A84}.Release|Any CPU.Build.0 = Release|Any CPU
		{13385F91-60AA-4392-AED0-1C0A27837A84}.Release|Any CPU.Deploy.0 = Release|Any CPU
	EndGlobalSection
	GlobalSection(SolutionProperties) = preSolution
		HideSolutionNode = FALSE
	EndGlobalSection
	GlobalSection(ExtensibilityGlobals) = postSolution
		SolutionGuid = {A7C794F4-CB5A-46F6-8F92-7F76675A0DD3}
	EndGlobalSection
EndGlobal
